
Microsoft Visual Studio Solution File, Format Version 12.00
# Visual Studio Version 16
VisualStudioVersion = 16.0.30907.101
MinimumVisualStudioVersion = 10.0.40219.1
Project("{8BC9CEB8-8B4A-11D0-8D11-00A0C91BC942}") = "Kawaru", "Kawaru\Kawaru.vcxproj", "{BCDCAA45-3740-405B-8EF9-C53F496A6C8C}"
EndProject
Global
	GlobalSection(SolutionConfigurationPlatforms) = preSolution
		Debug|x64 = Debug|x64
		Debug|x86 = Debug|x86
		Release|x64 = Release|x64
		Release|x86 = Release|x86
	EndGlobalSection
	GlobalSection(ProjectConfigurationPlatforms) = postSolution
		{BCDCAA45-3740-405B-8EF9-C53F496A6C8C}.Debug|x64.ActiveCfg = Debug|x64
		{BCDCAA45-3740-405B-8EF9-C53F496A6C8C}.Debug|x64.Build.0 = Debug|x64
		{BCDCAA45-3740-405B-8EF9-C53F496A6C8C}.Debug|x86.ActiveCfg = Debug|Win32
		{BCDCAA45-3740-405B-8EF9-C53F496A6C8C}.Debug|x86.Build.0 = Debug|Win32
		{BCDCAA45-3740-405B-8EF9-C53F496A6C8C}.Release|x64.ActiveCfg = Release|x64
		{BCDCAA45-3740-405B-8EF9-C53F496A6C8C}.Release|x64.Build.0 = Release|x64
		{BCDCAA45-3740-405B-8EF9-C53F496A6C8C}.Release|x86.ActiveCfg = Release|Win32
		{BCDCAA45-3740-405B-8EF9-C53F496A6C8C}.Release|x86.Build.0 = Release|Win32
	EndGlobalSection
	GlobalSection(SolutionProperties) = preSolution
		HideSolutionNode = FALSE
	EndGlobalSection
	GlobalSection(ExtensibilityGlobals) = postSolution
		SolutionGuid = {EDA9D6D7-9002-4FCB-AB47-CBC8A4856315}
	EndGlobalSection
EndGlobal
